
Microsoft Visual Studio Solution File, Format Version 12.00
# Visual Studio Version 17
VisualStudioVersion = 17.8.34408.163
MinimumVisualStudioVersion = 10.0.40219.1
Project("{FAE04EC0-301F-11D3-BF4B-00C04F79EFBC}") = "Winform_Clipboard", "Winform_Clipboard\Winform_Clipboard.csproj", "{44F08806-8002-4982-8501-573EED6ADF9A}"
EndProject
Global
	GlobalSection(SolutionConfigurationPlatforms) = preSolution
		Debug|Any CPU = Debug|Any CPU
		Release|Any CPU = Release|Any CPU
	EndGlobalSection
	GlobalSection(ProjectConfigurationPlatforms) = postSolution
		{44F08806-8002-4982-8501-573EED6ADF9A}.Debug|Any CPU.ActiveCfg = Debug|Any CPU
		{44F08806-8002-4982-8501-573EED6ADF9A}.Debug|Any CPU.Build.0 = Debug|Any CPU
		{44F08806-8002-4982-8501-573EED6ADF9A}.Release|Any CPU.ActiveCfg = Release|Any CPU
		{44F08806-8002-4982-8501-573EED6ADF9A}.Release|Any CPU.Build.0 = Release|Any CPU
	EndGlobalSection
	GlobalSection(SolutionProperties) = preSolution
		HideSolutionNode = FALSE
	EndGlobalSection
	GlobalSection(ExtensibilityGlobals) = postSolution
		SolutionGuid = {59D464DB-9FD5-4BFF-BD1B-8B5F3C2C0D90}
	EndGlobalSection
EndGlobal
